
Microsoft Visual Studio Solution File, Format Version 12.00
# Visual Studio 2012
Project("{8BC9CEB8-8B4A-11D0-8D11-00A0C91BC942}") = "exsic237", "exsic237\exsic237.vcxproj", "{AC7E37C1-C904-49C9-B43C-E13A567465E7}"
EndProject
Global
	GlobalSection(SolutionConfigurationPlatforms) = preSolution
		Debug|Win32 = Debug|Win32
		Release|Win32 = Release|Win32
	EndGlobalSection
	GlobalSection(ProjectConfigurationPlatforms) = postSolution
		{AC7E37C1-C904-49C9-B43C-E13A567465E7}.Debug|Win32.ActiveCfg = Debug|Win32
		{AC7E37C1-C904-49C9-B43C-E13A567465E7}.Debug|Win32.Build.0 = Debug|Win32
		{AC7E37C1-C904-49C9-B43C-E13A567465E7}.Release|Win32.ActiveCfg = Release|Win32
		{AC7E37C1-C904-49C9-B43C-E13A567465E7}.Release|Win32.Build.0 = Release|Win32
	EndGlobalSection
	GlobalSection(SolutionProperties) = preSolution
		HideSolutionNode = FALSE
	EndGlobalSection
EndGlobal
